{
  "requires": true,
  "lockfileVersion": 1,
  "dependencies": {
    "@types/n-readlines": {
      "version": "1.0.2",
      "resolved": "https://registry.npmjs.org/@types/n-readlines/-/n-readlines-1.0.2.tgz",
      "integrity": "sha512-jEpAbqwRa7bwMU44zSWE0ritLzeaHpEqPMBDCDRHp0Xle4V8xrE2jvqlVewm3KOFFjfYGaDrjpEk2j5Edr1Prw==",
      "requires": {
        "@types/node": "*"
      }
    },
    "@types/node": {
      "version": "16.11.11",
      "resolved": "https://registry.npmjs.org/@types/node/-/node-16.11.11.tgz",
      "integrity": "sha512-KB0sixD67CeecHC33MYn+eYARkqTheIRNuu97y2XMjR7Wu3XibO1vaY6VBV6O/a89SPI81cEUIYT87UqUWlZNw=="
    },
    "n-readlines": {
      "version": "1.0.1",
      "resolved": "https://registry.npmjs.org/n-readlines/-/n-readlines-1.0.1.tgz",
      "integrity": "sha512-z4SyAIVgMy7CkgsoNw7YVz40v0g4+WWvvqy8+ZdHrCtgevcEO758WQyrYcw3XPxcLxF+//RszTz/rO48nzD0wQ=="
    },
    "typescript": {
      "version": "4.5.2",
      "resolved": "https://registry.npmjs.org/typescript/-/typescript-4.5.2.tgz",
      "integrity": "sha512-5BlMof9H1yGt0P8/WF+wPNw6GfctgGjXp5hkblpyT+8rkASSmkUKMXrxR0Xg8ThVCi/JnHQiKXeBaEwCeQwMFw=="
    }
  }
}
